PODS:
  - FBSnapshotTestCase (2.1.4):
    - FBSnapshotTestCase/SwiftSupport (= 2.1.4)
  - FBSnapshotTestCase/Core (2.1.4)
  - FBSnapshotTestCase/SwiftSupport (2.1.4):
    - FBSnapshotTestCase/Core
  - ZHKCategories (0.1.0):
    - ZHKCategories/Macro (= 0.1.0)
  - ZHKCategories/Macro (0.1.0)
  - ZHKCategories/UIKit (0.1.0)

DEPENDENCIES:
  - FBSnapshotTestCase
  - ZHKCategories (from `../`)
  - ZHKCategories/UIKit (from `../`)

SPEC REPOS:
  trunk:
    - FBSnapshotTestCase

EXTERNAL SOURCES:
  ZHKCategories:
    :path: "../"

SPEC CHECKSUMS:
  FBSnapshotTestCase: 094f9f314decbabe373b87cc339bea235a63e07a
  ZHKCategories: ecaf3d6712c78e46c29e6b10c76748cca3d58d89

PODFILE CHECKSUM: 92cb11d3528063be094e89f9011e415b2c1d38cb

COCOAPODS: 1.9.0.beta.2
